
Microsoft Visual Studio Solution File, Format Version 12.00
# Visual Studio Version 16
VisualStudioVersion = 16.0.28922.388
MinimumVisualStudioVersion = 10.0.40219.1
Project("{FAE04EC0-301F-11D3-BF4B-00C04F79EFBC}") = "PartnerBot", "PartnerBot\PartnerBot.csproj", "{EC4E90F2-6CE9-4757-9309-925C72C17CDC}"
EndProject
Global
	GlobalSection(SolutionConfigurationPlatforms) = preSolution
		Debug|Any CPU = Debug|Any CPU
		Release|Any CPU = Release|Any CPU
	EndGlobalSection
	GlobalSection(ProjectConfigurationPlatforms) = postSolution
		{EC4E90F2-6CE9-4757-9309-925C72C17CDC}.Debug|Any CPU.ActiveCfg = Debug|Any CPU
		{EC4E90F2-6CE9-4757-9309-925C72C17CDC}.Debug|Any CPU.Build.0 = Debug|Any CPU
		{EC4E90F2-6CE9-4757-9309-925C72C17CDC}.Release|Any CPU.ActiveCfg = Release|Any CPU
		{EC4E90F2-6CE9-4757-9309-925C72C17CDC}.Release|Any CPU.Build.0 = Release|Any CPU
	EndGlobalSection
	GlobalSection(SolutionProperties) = preSolution
		HideSolutionNode = FALSE
	EndGlobalSection
	GlobalSection(ExtensibilityGlobals) = postSolution
		SolutionGuid = {26D8DA38-A889-4DC3-91D3-19C956E84F5F}
	EndGlobalSection
EndGlobal
